github.com/mdp/qrterminal v1.0.1 h1:07+fzVDlPuBlXS8tB0ktTAyf+Lp1j2+2zK3fBOL5b7c=
github.com/mdp/qrterminal v1.0.1/go.mod h1:Z33WhxQe9B6CdW37HaVqcRKzP+kByF3q/qLxOGe12xQ=
github.com/zncoder/assert v0.0.0-20190208063007-1322efebf70a h1:2DGpXIgiBT37w36dB1QFSEXeeazKwSH0FfYzZ+aYgpo=
github.com/zncoder/assert v0.0.0-20190208063007-1322efebf70a/go.mod h1:KfcPp8NRv7w6DbZEpThzhfb4mbtaGGMiYO8JcoaBHUU=
github.com/zncoder/easycmd v0.0.0-20200903103651-f8fa8c5c8771 h1:8ooCHZ4+WGuaW/Ba3x8hKiLDVdWxt+/NT5xn/y3jfyg=
github.com/zncoder/easycmd v0.0.0-20200903103651-f8fa8c5c8771/go.mod h1:qJL4G95ALch8qPMDNWSLiQIcK6+iZeZHJDA6ghvHzdg=
github.com/zncoder/easytest v0.0.0-20200121165135-4b2d80b814a7/go.mod h1:Y671W/mVEQNpdYHihOY17aGXkJSxfT3pCoxMnKWV/qI=
rsc.io/qr v0.2.0 h1:6vBLea5/NRMVTz8V66gipeLycZMl/+UlFmk8DvqQ6WY=
rsc.io/qr v0.2.0/go.mod h1:IF+uZjkb9fqyeF/4tlBoynqmQxUoPfWEKh921coOuXs=
